lockfileVersion: '9.0'

settings:
  autoInstallPeers: true
  excludeLinksFromLockfile: false

importers:

  .:
    dependencies:
      '@hono/zod-validator':
        specifier: ^0.7.6
        version: 0.7.6(hono@4.11.3)(zod@4.3.6)
      '@supabase/ssr':
        specifier: ^0.8.0
        version: 0.8.0(@supabase/supabase-js@2.90.0)
      '@supabase/supabase-js':
        specifier: ^2.90.0
        version: 2.90.0
      hono:
        specifier: ^4.8.9
        version: 4.11.3
      zod:
        specifier: ^4.3.6
        version: 4.3.6
    devDependencies:
      '@types/node':
        specifier: ^20.11.17
        version: 20.19.27
      typescript:
        specifier: ^5.8.3
        version: 5.9.3

packages:

  '@hono/zod-validator@0.7.6':
    resolution: {integrity: sha512-Io1B6d011Gj1KknV4rXYz4le5+5EubcWEU/speUjuw9XMMIaP3n78yXLhjd2A3PXaXaUwEAluOiAyLqhBEJgsw==}
    peerDependencies:
      hono: '>=3.9.0'
      zod: ^3.25.0 || ^4.0.0

  '@supabase/auth-js@2.90.0':
    resolution: {integrity: sha512-J5Jgr1XE86NpK0LX8yLdjv3NzzsUnGky72QIGR1AcdVXHQIhwjb3JFEjNutODNKyOrknx00lyClOvqooHFHIiw==}
    engines: {node: '>=20.0.0'}

  '@supabase/functions-js@2.90.0':
    resolution: {integrity: sha512-YEk4AVtdaUzjxhil2GemOjq0VQVQfg8LmPyooJt80lNscQHfDyCGmHeQ6pDI48dkICTE87V7KVrlXaVGCZa1Rw==}
    engines: {node: '>=20.0.0'}

  '@supabase/postgrest-js@2.90.0':
    resolution: {integrity: sha512-XCgrXuGtBPgxQWKfS8tZ4/deK5+cgUW+XLl4zq4v7JRUfCHlc3ZewZid5hjcpAIDYwGWq9ihrfPUNDAfl5jDdg==}
    engines: {node: '>=20.0.0'}

  '@supabase/realtime-js@2.90.0':
    resolution: {integrity: sha512-Hncs2Obk2Wd4Mcj51XDtLqOuiDT6onSmpHkwjsaLDZylgLi4uN81W4LYhj+rdPm3A9nQIRB4/5SZ3Hab2Adlsg==}
    engines: {node: '>=20.0.0'}

  '@supabase/ssr@0.8.0':
    resolution: {integrity: sha512-/PKk8kNFSs8QvvJ2vOww1mF5/c5W8y42duYtXvkOSe+yZKRgTTZywYG2l41pjhNomqESZCpZtXuWmYjFRMV+dw==}
    peerDependencies:
      '@supabase/supabase-js': ^2.76.1

  '@supabase/storage-js@2.90.0':
    resolution: {integrity: sha512-50XiDACfHXhibm20J94TEdOYMLXm4fZCHTdAAs9xBDJTBA4RXVN52Bx1MVW34pu3S72rAgObQxVyAFaZ+7+7Tg==}
    engines: {node: '>=20.0.0'}

  '@supabase/supabase-js@2.90.0':
    resolution: {integrity: sha512-foWQl5x1+LuqT7qdnAoCDcKHTNBSaED+eSEOEmmpqXiQuCfJU2K0lDkfGm7PUBx/BDaw3tFObzuJyZtHDbrehA==}
    engines: {node: '>=20.0.0'}

  '@types/node@20.19.27':
    resolution: {integrity: sha512-N2clP5pJhB2YnZJ3PIHFk5RkygRX5WO/5f0WC08tp0wd+sv0rsJk3MqWn3CbNmT2J505a5336jaQj4ph1AdMug==}

  '@types/phoenix@1.6.7':
    resolution: {integrity: sha512-oN9ive//QSBkf19rfDv45M7eZPi0eEXylht2OLEXicu5b4KoQ1OzXIw+xDSGWxSxe1JmepRR/ZH283vsu518/Q==}

  '@types/ws@8.18.1':
    resolution: {integrity: sha512-ThVF6DCVhA8kUGy+aazFQ4kXQ7E1Ty7A3ypFOe0IcJV8O/M511G99AW24irKrW56Wt44yG9+ij8FaqoBGkuBXg==}

  cookie@1.1.1:
    resolution: {integrity: sha512-ei8Aos7ja0weRpFzJnEA9UHJ/7XQmqglbRwnf2ATjcB9Wq874VKH9kfjjirM6UhU2/E5fFYadylyhFldcqSidQ==}
    engines: {node: '>=18'}

  hono@4.11.3:
    resolution: {integrity: sha512-PmQi306+M/ct/m5s66Hrg+adPnkD5jiO6IjA7WhWw0gSBSo1EcRegwuI1deZ+wd5pzCGynCcn2DprnE4/yEV4w==}
    engines: {node: '>=16.9.0'}

  iceberg-js@0.8.1:
    resolution: {integrity: sha512-1dhVQZXhcHje7798IVM+xoo/1ZdVfzOMIc8/rgVSijRK38EDqOJoGula9N/8ZI5RD8QTxNQtK/Gozpr+qUqRRA==}
    engines: {node: '>=20.0.0'}

  tslib@2.8.1:
    resolution: {integrity: sha512-oJFu94HQb+KVduSUQL7wnpmqnfmLsOA/nAh6b6EH0wCEoK0/mPeXU6c3wKDV83MkOuHPRHtSXKKU99IBazS/2w==}

  typescript@5.9.3:
    resolution: {integrity: sha512-jl1vZzPDinLr9eUt3J/t7V6FgNEw9QjvBPdysz9KfQDD41fQrC2Y4vKQdiaUpFT4bXlb1RHhLpp8wtm6M5TgSw==}
    engines: {node: '>=14.17'}
    hasBin: true

  undici-types@6.21.0:
    resolution: {integrity: sha512-iwDZqg0QAGrg9Rav5H4n0M64c3mkR59cJ6wQp+7C4nI0gsmExaedaYLNO44eT4AtBBwjbTiGPMlt2Md0T9H9JQ==}

  ws@8.19.0:
    resolution: {integrity: sha512-blAT2mjOEIi0ZzruJfIhb3nps74PRWTCz1IjglWEEpQl5XS/UNama6u2/rjFkDDouqr4L67ry+1aGIALViWjDg==}
    engines: {node: '>=10.0.0'}
    peerDependencies:
      bufferutil: ^4.0.1
      utf-8-validate: '>=5.0.2'
    peerDependenciesMeta:
      bufferutil:
        optional: true
      utf-8-validate:
        optional: true

  zod@4.3.6:
    resolution: {integrity: sha512-rftlrkhHZOcjDwkGlnUtZZkvaPHCsDATp4pGpuOOMDaTdDDXF91wuVDJoWoPsKX/3YPQ5fHuF3STjcYyKr+Qhg==}

snapshots:

  '@hono/zod-validator@0.7.6(hono@4.11.3)(zod@4.3.6)':
    dependencies:
      hono: 4.11.3
      zod: 4.3.6

  '@supabase/auth-js@2.90.0':
    dependencies:
      tslib: 2.8.1

  '@supabase/functions-js@2.90.0':
    dependencies:
      tslib: 2.8.1

  '@supabase/postgrest-js@2.90.0':
    dependencies:
      tslib: 2.8.1

  '@supabase/realtime-js@2.90.0':
    dependencies:
      '@types/phoenix': 1.6.7
      '@types/ws': 8.18.1
      tslib: 2.8.1
      ws: 8.19.0
    transitivePeerDependencies:
      - bufferutil
      - utf-8-validate

  '@supabase/ssr@0.8.0(@supabase/supabase-js@2.90.0)':
    dependencies:
      '@supabase/supabase-js': 2.90.0
      cookie: 1.1.1

  '@supabase/storage-js@2.90.0':
    dependencies:
      iceberg-js: 0.8.1
      tslib: 2.8.1

  '@supabase/supabase-js@2.90.0':
    dependencies:
      '@supabase/auth-js': 2.90.0
      '@supabase/functions-js': 2.90.0
      '@supabase/postgrest-js': 2.90.0
      '@supabase/realtime-js': 2.90.0
      '@supabase/storage-js': 2.90.0
    transitivePeerDependencies:
      - bufferutil
      - utf-8-validate

  '@types/node@20.19.27':
    dependencies:
      undici-types: 6.21.0

  '@types/phoenix@1.6.7': {}

  '@types/ws@8.18.1':
    dependencies:
      '@types/node': 20.19.27

  cookie@1.1.1: {}

  hono@4.11.3: {}

  iceberg-js@0.8.1: {}

  tslib@2.8.1: {}

  typescript@5.9.3: {}

  undici-types@6.21.0: {}

  ws@8.19.0: {}

  zod@4.3.6: {}
